{
  "name": "src",
  "version": "1.0.0",
  "lockfileVersion": 1,
  "requires": true,
  "dependencies": {
    "convert-csv-to-json": {
      "version": "0.0.14",
      "resolved": "https://registry.npmjs.org/convert-csv-to-json/-/convert-csv-to-json-0.0.14.tgz",
      "integrity": "sha512-ls+SZ1jfcAOmm93FRij1Bcywp6vVMqu2nk5iacDR2RyCjFIMypzgtmmC7HvJ45BvkPptnC987TpMBxMdlG3cbg=="
    }
  }
}
